Microsoft Visual Studio Solution File, Format Version 12.00
# Visual Studio Version 17
VisualStudioVersion = 17.5.2.0
MinimumVisualStudioVersion = 10.0.40219.1
Project("{FAE04EC0-301F-11D3-BF4B-00C04F79EFBC}") = "UnitOfWorkDemo", "UnitOfWorkDemo.csproj", "{C7777528-9BB8-5502-EF98-A2549EEDBBA9}"
EndProject
Global
	GlobalSection(SolutionConfigurationPlatforms) = preSolution
		Debug|Any CPU = Debug|Any CPU
		Release|Any CPU = Release|Any CPU
	EndGlobalSection
	GlobalSection(ProjectConfigurationPlatforms) = postSolution
		{C7777528-9BB8-5502-EF98-A2549EEDBBA9}.Debug|Any CPU.ActiveCfg = Debug|Any CPU
		{C7777528-9BB8-5502-EF98-A2549EEDBBA9}.Debug|Any CPU.Build.0 = Debug|Any CPU
		{C7777528-9BB8-5502-EF98-A2549EEDBBA9}.Release|Any CPU.ActiveCfg = Release|Any CPU
		{C7777528-9BB8-5502-EF98-A2549EEDBBA9}.Release|Any CPU.Build.0 = Release|Any CPU
	EndGlobalSection
	GlobalSection(SolutionProperties) = preSolution
		HideSolutionNode = FALSE
	EndGlobalSection
	GlobalSection(ExtensibilityGlobals) = postSolution
		SolutionGuid = {AABDC237-5002-4A7D-B418-AC696E484481}
	EndGlobalSection
EndGlobal
